
Microsoft Visual Studio Solution File, Format Version 12.00
Project("{FAE04EC0-301F-11D3-BF4B-00C04F79EFBC}") = "DebtCollector.NET", "DebtCollector.NET\DebtCollector.NET.csproj", "{501A8A70-BC3E-414C-97CA-0F95029293DA}"
EndProject
Global
	GlobalSection(SolutionConfigurationPlatforms) = preSolution
		Debug|Any CPU = Debug|Any CPU
		Release|Any CPU = Release|Any CPU
	EndGlobalSection
	GlobalSection(ProjectConfigurationPlatforms) = postSolution
		{501A8A70-BC3E-414C-97CA-0F95029293DA}.Debug|Any CPU.ActiveCfg = Debug|Any CPU
		{501A8A70-BC3E-414C-97CA-0F95029293DA}.Debug|Any CPU.Build.0 = Debug|Any CPU
		{501A8A70-BC3E-414C-97CA-0F95029293DA}.Release|Any CPU.ActiveCfg = Release|Any CPU
		{501A8A70-BC3E-414C-97CA-0F95029293DA}.Release|Any CPU.Build.0 = Release|Any CPU
	EndGlobalSection
EndGlobal
